
Microsoft Visual Studio Solution File, Format Version 12.00
# Visual Studio Version 17
VisualStudioVersion = 17.10.35027.167
MinimumVisualStudioVersion = 10.0.40219.1
Project("{FAE04EC0-301F-11D3-BF4B-00C04F79EFBC}") = "HRCloudMe", "HRCloudMe\HRCloudMe.csproj", "{238FAD4A-CB4A-44F6-BAF4-9D382F6DBC96}"
EndProject
Global
	GlobalSection(SolutionConfigurationPlatforms) = preSolution
		Debug|Any CPU = Debug|Any CPU
		Release|Any CPU = Release|Any CPU
	EndGlobalSection
	GlobalSection(ProjectConfigurationPlatforms) = postSolution
		{238FAD4A-CB4A-44F6-BAF4-9D382F6DBC96}.Debug|Any CPU.ActiveCfg = Debug|Any CPU
		{238FAD4A-CB4A-44F6-BAF4-9D382F6DBC96}.Debug|Any CPU.Build.0 = Debug|Any CPU
		{238FAD4A-CB4A-44F6-BAF4-9D382F6DBC96}.Release|Any CPU.ActiveCfg = Release|Any CPU
		{238FAD4A-CB4A-44F6-BAF4-9D382F6DBC96}.Release|Any CPU.Build.0 = Release|Any CPU
	EndGlobalSection
	GlobalSection(SolutionProperties) = preSolution
		HideSolutionNode = FALSE
	EndGlobalSection
	GlobalSection(ExtensibilityGlobals) = postSolution
		SolutionGuid = {E6B366A4-3A36-4ABC-B00F-E92C5EF0A512}
	EndGlobalSection
EndGlobal
